
Microsoft Visual Studio Solution File, Format Version 12.00
# Visual Studio Version 17
VisualStudioVersion = 17.7.34024.191
MinimumVisualStudioVersion = 10.0.40219.1
Project("{FAE04EC0-301F-11D3-BF4B-00C04F79EFBC}") = "databazovy_projekt", "databazovy_projekt.csproj", "{62396BE7-8964-4025-8275-B7F63ECEFE34}"
EndProject
Global
	GlobalSection(SolutionConfigurationPlatforms) = preSolution
		Debug|Any CPU = Debug|Any CPU
		Release|Any CPU = Release|Any CPU
	EndGlobalSection
	GlobalSection(ProjectConfigurationPlatforms) = postSolution
		{62396BE7-8964-4025-8275-B7F63ECEFE34}.Debug|Any CPU.ActiveCfg = Debug|Any CPU
		{62396BE7-8964-4025-8275-B7F63ECEFE34}.Debug|Any CPU.Build.0 = Debug|Any CPU
		{62396BE7-8964-4025-8275-B7F63ECEFE34}.Release|Any CPU.ActiveCfg = Release|Any CPU
		{62396BE7-8964-4025-8275-B7F63ECEFE34}.Release|Any CPU.Build.0 = Release|Any CPU
	EndGlobalSection
	GlobalSection(SolutionProperties) = preSolution
		HideSolutionNode = FALSE
	EndGlobalSection
	GlobalSection(ExtensibilityGlobals) = postSolution
		SolutionGuid = {E1928C43-84A9-40D8-83AA-C8B8C07EBA2C}
	EndGlobalSection
EndGlobal
